
Microsoft Visual Studio Solution File, Format Version 12.00
# Visual Studio 15
VisualStudioVersion = 15.0.27428.2015
MinimumVisualStudioVersion = 10.0.40219.1
Project("{FAE04EC0-301F-11D3-BF4B-00C04F79EFBC}") = "OurTasks.Android", "OurTasks\OurTasks.Android\OurTasks.Android.csproj", "{6FC0C8BC-8C35-4EEC-87B8-9866E9A5225C}"
EndProject
Project("{FAE04EC0-301F-11D3-BF4B-00C04F79EFBC}") = "OurTasks.iOS", "OurTasks\OurTasks.iOS\OurTasks.iOS.csproj", "{FBA2CB86-5932-4417-928D-566845B8885E}"
EndProject
Project("{FAE04EC0-301F-11D3-BF4B-00C04F79EFBC}") = "OurTasks.UWP", "OurTasks\OurTasks.UWP\OurTasks.UWP.csproj", "{345AD4F2-C632-4AEA-AA75-7A13FFF0CB73}"
EndProject
Project("{FAE04EC0-301F-11D3-BF4B-00C04F79EFBC}") = "OurTasks", "OurTasks\OurTasks\OurTasks.csproj", "{E509FF8D-6846-4BDE-B187-E049AB6DD82A}"
EndProject
Global
	GlobalSection(SolutionConfigurationPlatforms) = preSolution
		Ad-Hoc|Any CPU = Ad-Hoc|Any CPU
		Ad-Hoc|ARM = Ad-Hoc|ARM
		Ad-Hoc|iPhone = Ad-Hoc|iPhone
		Ad-Hoc|iPhoneSimulator = Ad-Hoc|iPhoneSimulator
		Ad-Hoc|x64 = Ad-Hoc|x64
		Ad-Hoc|x86 = Ad-Hoc|x86
		AppStore|Any CPU = AppStore|Any CPU
		AppStore|ARM = AppStore|ARM
		AppStore|iPhone = AppStore|iPhone
		AppStore|iPhoneSimulator = AppStore|iPhoneSimulator
		AppStore|x64 = AppStore|x64
		AppStore|x86 = AppStore|x86
		Debug|Any CPU = Debug|Any CPU
		Debug|ARM = Debug|ARM
		Debug|iPhone = Debug|iPhone
		Debug|iPhoneSimulator = Debug|iPhoneSimulator
		Debug|x64 = Debug|x64
		Debug|x86 = Debug|x86
		Release|Any CPU = Release|Any CPU
		Release|ARM = Release|ARM
		Release|iPhone = Release|iPhone
		Release|iPhoneSimulator = Release|iPhoneSimulator
		Release|x64 = Release|x64
		Release|x86 = Release|x86
	EndGlobalSection
	GlobalSection(ProjectConfigurationPlatforms) = postSolution
		{6FC0C8BC-8C35-4EEC-87B8-9866E9A5225C}.Ad-Hoc|Any CPU.ActiveCfg = Release|Any CPU
		{6FC0C8BC-8C35-4EEC-87B8-9866E9A5225C}.Ad-Hoc|Any CPU.Build.0 = Release|Any CPU
		{6FC0C8BC-8C35-4EEC-87B8-9866E9A5225C}.Ad-Hoc|Any CPU.Deploy.0 = Release|Any CPU
		{6FC0C8BC-8C35-4EEC-87B8-9866E9A5225C}.Ad-Hoc|ARM.ActiveCfg = Release|Any CPU
		{6FC0C8BC-8C35-4EEC-87B8-9866E9A5225C}.Ad-Hoc|ARM.Build.0 = Release|Any CPU
		{6FC0C8BC-8C35-4EEC-87B8-9866E9A5225C}.Ad-Hoc|ARM.Deploy.0 = Release|Any CPU
		{6FC0C8BC-8C35-4EEC-87B8-9866E9A5225C}.Ad-Hoc|iPhone.ActiveCfg = Release|Any CPU
		{6FC0C8BC-8C35-4EEC-87B8-9866E9A5225C}.Ad-Hoc|iPhone.Build.0 = Release|Any CPU
		{6FC0C8BC-8C35-4EEC-87B8-9866E9A5225C}.Ad-Hoc|iPhone.Deploy.0 = Release|Any CPU
		{6FC0C8BC-8C35-4EEC-87B8-9866E9A5225C}.Ad-Hoc|iPhoneSimulator.ActiveCfg = Release|Any CPU
		{6FC0C8BC-8C35-4EEC-87B8-9866E9A5225C}.Ad-Hoc|iPhoneSimulator.Build.0 = Release|Any CPU
		{6FC0C8BC-8C35-4EEC-87B8-9866E9A5225C}.Ad-Hoc|iPhoneSimulator.Deploy.0 = Release|Any CPU
		{6FC0C8BC-8C35-4EEC-87B8-9866E9A5225C}.Ad-Hoc|x64.ActiveCfg = Release|Any CPU
		{6FC0C8BC-8C35-4EEC-87B8-9866E9A5225C}.Ad-Hoc|x64.Build.0 = Release|Any CPU
		{6FC0C8BC-8C35-4EEC-87B8-9866E9A5225C}.Ad-Hoc|x64.Deploy.0 = Release|Any CPU
		{6FC0C8BC-8C35-4EEC-87B8-9866E9A5225C}.Ad-Hoc|x86.ActiveCfg = Release|Any CPU
		{6FC0C8BC-8C35-4EEC-87B8-9866E9A5225C}.Ad-Hoc|x86.Build.0 = Release|Any CPU
		{6FC0C8BC-8C35-4EEC-87B8-9866E9A5225C}.Ad-Hoc|x86.Deploy.0 = Release|Any CPU
		{6FC0C8BC-8C35-4EEC-87B8-9866E9A5225C}.AppStore|Any CPU.ActiveCfg = Release|Any CPU
		{6FC0C8BC-8C35-4EEC-87B8-9866E9A5225C}.AppStore|Any CPU.Build.0 = Release|Any CPU
		{6FC0C8BC-8C35-4EEC-87B8-9866E9A5225C}.AppStore|Any CPU.Deploy.0 = Release|Any CPU
		{6FC0C8BC-8C35-4EEC-87B8-9866E9A5225C}.AppStore|ARM.ActiveCfg = Release|Any CPU
		{6FC0C8BC-8C35-4EEC-87B8-9866E9A5225C}.AppStore|ARM.Build.0 = Release|Any CPU
		{6FC0C8BC-8C35-4EEC-87B8-9866E9A5225C}.AppStore|ARM.Deploy.0 = Release|Any CPU
		{6FC0C8BC-8C35-4EEC-87B8-9866E9A5225C}.AppStore|iPhone.ActiveCfg = Release|Any CPU
		{6FC0C8BC-8C35-4EEC-87B8-9866E9A5225C}.AppStore|iPhone.Build.0 = Release|Any CPU
		{6FC0C8BC-8C35-4EEC-87B8-9866E9A5225C}.AppStore|iPhone.Deploy.0 = Release|Any CPU
		{6FC0C8BC-8C35-4EEC-87B8-9866E9A5225C}.AppStore|iPhoneSimulator.ActiveCfg = Release|Any CPU
		{6FC0C8BC-8C35-4EEC-87B8-9866E9A5225C}.AppStore|iPhoneSimulator.Build.0 = Release|Any CPU
		{6FC0C8BC-8C35-4EEC-87B8-9866E9A5225C}.AppStore|iPhoneSimulator.Deploy.0 = Release|Any CPU
		{6FC0C8BC-8C35-4EEC-87B8-9866E9A5225C}.AppStore|x64.ActiveCfg = Release|Any CPU
		{6FC0C8BC-8C35-4EEC-87B8-9866E9A5225C}.AppStore|x64.Build.0 = Release|Any CPU
		{6FC0C8BC-8C35-4EEC-87B8-9866E9A5225C}.AppStore|x64.Deploy.0 = Release|Any CPU
		{6FC0C8BC-8C35-4EEC-87B8-9866E9A5225C}.AppStore|x86.ActiveCfg = Release|Any CPU
		{6FC0C8BC-8C35-4EEC-87B8-9866E9A5225C}.AppStore|x86.Build.0 = Release|Any CPU
		{6FC0C8BC-8C35-4EEC-87B8-9866E9A5225C}.AppStore|x86.Deploy.0 = Release|Any CPU
		{6FC0C8BC-8C35-4EEC-87B8-9866E9A5225C}.Debug|Any CPU.ActiveCfg = Debug|Any CPU
		{6FC0C8BC-8C35-4EEC-87B8-9866E9A5225C}.Debug|Any CPU.Build.0 = Debug|Any CPU
		{6FC0C8BC-8C35-4EEC-87B8-9866E9A5225C}.Debug|Any CPU.Deploy.0 = Debug|Any CPU
		{6FC0C8BC-8C35-4EEC-87B8-9866E9A5225C}.Debug|ARM.ActiveCfg = Debug|Any CPU
		{6FC0C8BC-8C35-4EEC-87B8-9866E9A5225C}.Debug|ARM.Build.0 = Debug|Any CPU
		{6FC0C8BC-8C35-4EEC-87B8-9866E9A5225C}.Debug|ARM.Deploy.0 = Debug|Any CPU
		{6FC0C8BC-8C35-4EEC-87B8-9866E9A5225C}.Debug|iPhone.ActiveCfg = Debug|Any CPU
		{6FC0C8BC-8C35-4EEC-87B8-9866E9A5225C}.Debug|iPhone.Build.0 = Debug|Any CPU
		{6FC0C8BC-8C35-4EEC-87B8-9866E9A5225C}.Debug|iPhone.Deploy.0 = Debug|Any CPU
		{6FC0C8BC-8C35-4EEC-87B8-9866E9A5225C}.Debug|iPhoneSimulator.ActiveCfg = Debug|Any CPU
		{6FC0C8BC-8C35-4EEC-87B8-9866E9A5225C}.Debug|iPhoneSimulator.Build.0 = Debug|Any CPU
		{6FC0C8BC-8C35-4EEC-87B8-9866E9A5225C}.Debug|iPhoneSimulator.Deploy.0 = Debug|Any CPU
		{6FC0C8BC-8C35-4EEC-87B8-9866E9A5225C}.Debug|x64.ActiveCfg = Debug|Any CPU
		{6FC0C8BC-8C35-4EEC-87B8-9866E9A5225C}.Debug|x64.Build.0 = Debug|Any CPU
		{6FC0C8BC-8C35-4EEC-87B8-9866E9A5225C}.Debug|x64.Deploy.0 = Debug|Any CPU
		{6FC0C8BC-8C35-4EEC-87B8-9866E9A5225C}.Debug|x86.ActiveCfg = Debug|Any CPU
		{6FC0C8BC-8C35-4EEC-87B8-9866E9A5225C}.Debug|x86.Build.0 = Debug|Any CPU
		{6FC0C8BC-8C35-4EEC-87B8-9866E9A5225C}.Debug|x86.Deploy.0 = Debug|Any CPU
		{6FC0C8BC-8C35-4EEC-87B8-9866E9A5225C}.Release|Any CPU.ActiveCfg = Release|Any CPU
		{6FC0C8BC-8C35-4EEC-87B8-9866E9A5225C}.Release|Any CPU.Build.0 = Release|Any CPU
		{6FC0C8BC-8C35-4EEC-87B8-9866E9A5225C}.Release|Any CPU.Deploy.0 = Release|Any CPU
		{6FC0C8BC-8C35-4EEC-87B8-9866E9A5225C}.Release|ARM.ActiveCfg = Release|Any CPU
		{6FC0C8BC-8C35-4EEC-87B8-9866E9A5225C}.Release|ARM.Build.0 = Release|Any CPU
		{6FC0C8BC-8C35-4EEC-87B8-9866E9A5225C}.Release|ARM.Deploy.0 = Release|Any CPU
		{6FC0C8BC-8C35-4EEC-87B8-9866E9A5225C}.Release|iPhone.ActiveCfg = Release|Any CPU
		{6FC0C8BC-8C35-4EEC-87B8-9866E9A5225C}.Release|iPhone.Build.0 = Release|Any CPU
		{6FC0C8BC-8C35-4EEC-87B8-9866E9A5225C}.Release|iPhone.Deploy.0 = Release|Any CPU
		{6FC0C8BC-8C35-4EEC-87B8-9866E9A5225C}.Release|iPhoneSimulator.ActiveCfg = Release|Any CPU
		{6FC0C8BC-8C35-4EEC-87B8-9866E9A5225C}.Release|iPhoneSimulator.Build.0 = Release|Any CPU
		{6FC0C8BC-8C35-4EEC-87B8-9866E9A5225C}.Release|iPhoneSimulator.Deploy.0 = Release|Any CPU
		{6FC0C8BC-8C35-4EEC-87B8-9866E9A5225C}.Release|x64.ActiveCfg = Release|Any CPU
		{6FC0C8BC-8C35-4EEC-87B8-9866E9A5225C}.Release|x64.Build.0 = Release|Any CPU
		{6FC0C8BC-8C35-4EEC-87B8-9866E9A5225C}.Release|x64.Deploy.0 = Release|Any CPU
		{6FC0C8BC-8C35-4EEC-87B8-9866E9A5225C}.Release|x86.ActiveCfg = Release|Any CPU
		{6FC0C8BC-8C35-4EEC-87B8-9866E9A5225C}.Release|x86.Build.0 = Release|Any CPU
		{6FC0C8BC-8C35-4EEC-87B8-9866E9A5225C}.Release|x86.Deploy.0 = Release|Any CPU
		{FBA2CB86-5932-4417-928D-566845B8885E}.Ad-Hoc|Any CPU.ActiveCfg = Ad-Hoc|iPhone
		{FBA2CB86-5932-4417-928D-566845B8885E}.Ad-Hoc|ARM.ActiveCfg = Ad-Hoc|iPhone
		{FBA2CB86-5932-4417-928D-566845B8885E}.Ad-Hoc|iPhone.ActiveCfg = Ad-Hoc|iPhone
		{FBA2CB86-5932-4417-928D-566845B8885E}.Ad-Hoc|iPhone.Build.0 = Ad-Hoc|iPhone
		{FBA2CB86-5932-4417-928D-566845B8885E}.Ad-Hoc|iPhoneSimulator.ActiveCfg = Ad-Hoc|iPhoneSimulator
		{FBA2CB86-5932-4417-928D-566845B8885E}.Ad-Hoc|iPhoneSimulator.Build.0 = Ad-Hoc|iPhoneSimulator
		{FBA2CB86-5932-4417-928D-566845B8885E}.Ad-Hoc|x64.ActiveCfg = Ad-Hoc|iPhone
		{FBA2CB86-5932-4417-928D-566845B8885E}.Ad-Hoc|x86.ActiveCfg = Ad-Hoc|iPhone
		{FBA2CB86-5932-4417-928D-566845B8885E}.AppStore|Any CPU.ActiveCfg = AppStore|iPhone
		{FBA2CB86-5932-4417-928D-566845B8885E}.AppStore|ARM.ActiveCfg = AppStore|iPhone
		{FBA2CB86-5932-4417-928D-566845B8885E}.AppStore|iPhone.ActiveCfg = AppStore|iPhone
		{FBA2CB86-5932-4417-928D-566845B8885E}.AppStore|iPhone.Build.0 = AppStore|iPhone
		{FBA2CB86-5932-4417-928D-566845B8885E}.AppStore|iPhoneSimulator.ActiveCfg = AppStore|iPhoneSimulator
		{FBA2CB86-5932-4417-928D-566845B8885E}.AppStore|iPhoneSimulator.Build.0 = AppStore|iPhoneSimulator
		{FBA2CB86-5932-4417-928D-566845B8885E}.AppStore|x64.ActiveCfg = AppStore|iPhone
		{FBA2CB86-5932-4417-928D-566845B8885E}.AppStore|x86.ActiveCfg = AppStore|iPhone
		{FBA2CB86-5932-4417-928D-566845B8885E}.Debug|Any CPU.ActiveCfg = Debug|iPhone
		{FBA2CB86-5932-4417-928D-566845B8885E}.Debug|ARM.ActiveCfg = Debug|iPhone
		{FBA2CB86-5932-4417-928D-566845B8885E}.Debug|iPhone.ActiveCfg = Debug|iPhone
		{FBA2CB86-5932-4417-928D-566845B8885E}.Debug|iPhone.Build.0 = Debug|iPhone
		{FBA2CB86-5932-4417-928D-566845B8885E}.Debug|iPhoneSimulator.ActiveCfg = Debug|iPhoneSimulator
		{FBA2CB86-5932-4417-928D-566845B8885E}.Debug|iPhoneSimulator.Build.0 = Debug|iPhoneSimulator
		{FBA2CB86-5932-4417-928D-566845B8885E}.Debug|x64.ActiveCfg = Debug|iPhone
		{FBA2CB86-5932-4417-928D-566845B8885E}.Debug|x86.ActiveCfg = Debug|iPhone
		{FBA2CB86-5932-4417-928D-566845B8885E}.Release|Any CPU.ActiveCfg = Release|iPhone
		{FBA2CB86-5932-4417-928D-566845B8885E}.Release|ARM.ActiveCfg = Release|iPhone
		{FBA2CB86-5932-4417-928D-566845B8885E}.Release|iPhone.ActiveCfg = Release|iPhone
		{FBA2CB86-5932-4417-928D-566845B8885E}.Release|iPhone.Build.0 = Release|iPhone
		{FBA2CB86-5932-4417-928D-566845B8885E}.Release|iPhoneSimulator.ActiveCfg = Release|iPhoneSimulator
		{FBA2CB86-5932-4417-928D-566845B8885E}.Release|iPhoneSimulator.Build.0 = Release|iPhoneSimulator
		{FBA2CB86-5932-4417-928D-566845B8885E}.Release|x64.ActiveCfg = Release|iPhone
		{FBA2CB86-5932-4417-928D-566845B8885E}.Release|x86.ActiveCfg = Release|iPhone
		{345AD4F2-C632-4AEA-AA75-7A13FFF0CB73}.Ad-Hoc|Any CPU.ActiveCfg = Release|x86
		{345AD4F2-C632-4AEA-AA75-7A13FFF0CB73}.Ad-Hoc|Any CPU.Build.0 = Release|x86
		{345AD4F2-C632-4AEA-AA75-7A13FFF0CB73}.Ad-Hoc|Any CPU.Deploy.0 = Release|x86
		{345AD4F2-C632-4AEA-AA75-7A13FFF0CB73}.Ad-Hoc|ARM.ActiveCfg = Release|ARM
		{345AD4F2-C632-4AEA-AA75-7A13FFF0CB73}.Ad-Hoc|ARM.Build.0 = Release|ARM
		{345AD4F2-C632-4AEA-AA75-7A13FFF0CB73}.Ad-Hoc|ARM.Deploy.0 = Release|ARM
		{345AD4F2-C632-4AEA-AA75-7A13FFF0CB73}.Ad-Hoc|iPhone.ActiveCfg = Release|x86
		{345AD4F2-C632-4AEA-AA75-7A13FFF0CB73}.Ad-Hoc|iPhone.Build.0 = Release|x86
		{345AD4F2-C632-4AEA-AA75-7A13FFF0CB73}.Ad-Hoc|iPhone.Deploy.0 = Release|x86
		{345AD4F2-C632-4AEA-AA75-7A13FFF0CB73}.Ad-Hoc|iPhoneSimulator.ActiveCfg = Release|x86
		{345AD4F2-C632-4AEA-AA75-7A13FFF0CB73}.Ad-Hoc|iPhoneSimulator.Build.0 = Release|x86
		{345AD4F2-C632-4AEA-AA75-7A13FFF0CB73}.Ad-Hoc|iPhoneSimulator.Deploy.0 = Release|x86
		{345AD4F2-C632-4AEA-AA75-7A13FFF0CB73}.Ad-Hoc|x64.ActiveCfg = Release|x64
		{345AD4F2-C632-4AEA-AA75-7A13FFF0CB73}.Ad-Hoc|x64.Build.0 = Release|x64
		{345AD4F2-C632-4AEA-AA75-7A13FFF0CB73}.Ad-Hoc|x64.Deploy.0 = Release|x64
		{345AD4F2-C632-4AEA-AA75-7A13FFF0CB73}.Ad-Hoc|x86.ActiveCfg = Release|x86
		{345AD4F2-C632-4AEA-AA75-7A13FFF0CB73}.Ad-Hoc|x86.Build.0 = Release|x86
		{345AD4F2-C632-4AEA-AA75-7A13FFF0CB73}.Ad-Hoc|x86.Deploy.0 = Release|x86
		{345AD4F2-C632-4AEA-AA75-7A13FFF0CB73}.AppStore|Any CPU.ActiveCfg = Release|x86
		{345AD4F2-C632-4AEA-AA75-7A13FFF0CB73}.AppStore|Any CPU.Build.0 = Release|x86
		{345AD4F2-C632-4AEA-AA75-7A13FFF0CB73}.AppStore|Any CPU.Deploy.0 = Release|x86
		{345AD4F2-C632-4AEA-AA75-7A13FFF0CB73}.AppStore|ARM.ActiveCfg = Release|ARM
		{345AD4F2-C632-4AEA-AA75-7A13FFF0CB73}.AppStore|ARM.Build.0 = Release|ARM
		{345AD4F2-C632-4AEA-AA75-7A13FFF0CB73}.AppStore|ARM.Deploy.0 = Release|ARM
		{345AD4F2-C632-4AEA-AA75-7A13FFF0CB73}.AppStore|iPhone.ActiveCfg = Release|x86
		{345AD4F2-C632-4AEA-AA75-7A13FFF0CB73}.AppStore|iPhone.Build.0 = Release|x86
		{345AD4F2-C632-4AEA-AA75-7A13FFF0CB73}.AppStore|iPhone.Deploy.0 = Release|x86
		{345AD4F2-C632-4AEA-AA75-7A13FFF0CB73}.AppStore|iPhoneSimulator.ActiveCfg = Release|x86
		{345AD4F2-C632-4AEA-AA75-7A13FFF0CB73}.AppStore|iPhoneSimulator.Build.0 = Release|x86
		{345AD4F2-C632-4AEA-AA75-7A13FFF0CB73}.AppStore|iPhoneSimulator.Deploy.0 = Release|x86
		{345AD4F2-C632-4AEA-AA75-7A13FFF0CB73}.AppStore|x64.ActiveCfg = Release|x64
		{345AD4F2-C632-4AEA-AA75-7A13FFF0CB73}.AppStore|x64.Build.0 = Release|x64
		{345AD4F2-C632-4AEA-AA75-7A13FFF0CB73}.AppStore|x64.Deploy.0 = Release|x64
		{345AD4F2-C632-4AEA-AA75-7A13FFF0CB73}.AppStore|x86.ActiveCfg = Release|x86
		{345AD4F2-C632-4AEA-AA75-7A13FFF0CB73}.AppStore|x86.Build.0 = Release|x86
		{345AD4F2-C632-4AEA-AA75-7A13FFF0CB73}.AppStore|x86.Deploy.0 = Release|x86
		{345AD4F2-C632-4AEA-AA75-7A13FFF0CB73}.Debug|Any CPU.ActiveCfg = Debug|x86
		{345AD4F2-C632-4AEA-AA75-7A13FFF0CB73}.Debug|Any CPU.Build.0 = Debug|x86
		{345AD4F2-C632-4AEA-AA75-7A13FFF0CB73}.Debug|Any CPU.Deploy.0 = Debug|x86
		{345AD4F2-C632-4AEA-AA75-7A13FFF0CB73}.Debug|ARM.ActiveCfg = Debug|ARM
		{345AD4F2-C632-4AEA-AA75-7A13FFF0CB73}.Debug|ARM.Build.0 = Debug|ARM
		{345AD4F2-C632-4AEA-AA75-7A13FFF0CB73}.Debug|ARM.Deploy.0 = Debug|ARM
		{345AD4F2-C632-4AEA-AA75-7A13FFF0CB73}.Debug|iPhone.ActiveCfg = Debug|x86
		{345AD4F2-C632-4AEA-AA75-7A13FFF0CB73}.Debug|iPhoneSimulator.ActiveCfg = Debug|x86
		{345AD4F2-C632-4AEA-AA75-7A13FFF0CB73}.Debug|x64.ActiveCfg = Debug|x64
		{345AD4F2-C632-4AEA-AA75-7A13FFF0CB73}.Debug|x64.Build.0 = Debug|x64
		{345AD4F2-C632-4AEA-AA75-7A13FFF0CB73}.Debug|x64.Deploy.0 = Debug|x64
		{345AD4F2-C632-4AEA-AA75-7A13FFF0CB73}.Debug|x86.ActiveCfg = Debug|x86
		{345AD4F2-C632-4AEA-AA75-7A13FFF0CB73}.Debug|x86.Build.0 = Debug|x86
		{345AD4F2-C632-4AEA-AA75-7A13FFF0CB73}.Debug|x86.Deploy.0 = Debug|x86
		{345AD4F2-C632-4AEA-AA75-7A13FFF0CB73}.Release|Any CPU.ActiveCfg = Release|x86
		{345AD4F2-C632-4AEA-AA75-7A13FFF0CB73}.Release|ARM.ActiveCfg = Release|ARM
		{345AD4F2-C632-4AEA-AA75-7A13FFF0CB73}.Release|ARM.Build.0 = Release|ARM
		{345AD4F2-C632-4AEA-AA75-7A13FFF0CB73}.Release|ARM.Deploy.0 = Release|ARM
		{345AD4F2-C632-4AEA-AA75-7A13FFF0CB73}.Release|iPhone.ActiveCfg = Release|x86
		{345AD4F2-C632-4AEA-AA75-7A13FFF0CB73}.Release|iPhoneSimulator.ActiveCfg = Release|x86
		{345AD4F2-C632-4AEA-AA75-7A13FFF0CB73}.Release|x64.ActiveCfg = Release|x64
		{345AD4F2-C632-4AEA-AA75-7A13FFF0CB73}.Release|x64.Build.0 = Release|x64
		{345AD4F2-C632-4AEA-AA75-7A13FFF0CB73}.Release|x64.Deploy.0 = Release|x64
		{345AD4F2-C632-4AEA-AA75-7A13FFF0CB73}.Release|x86.ActiveCfg = Release|x86
		{345AD4F2-C632-4AEA-AA75-7A13FFF0CB73}.Release|x86.Build.0 = Release|x86
		{345AD4F2-C632-4AEA-AA75-7A13FFF0CB73}.Release|x86.Deploy.0 = Release|x86
		{E509FF8D-6846-4BDE-B187-E049AB6DD82A}.Ad-Hoc|Any CPU.ActiveCfg = Debug|Any CPU
		{E509FF8D-6846-4BDE-B187-E049AB6DD82A}.Ad-Hoc|Any CPU.Build.0 = Debug|Any CPU
		{E509FF8D-6846-4BDE-B187-E049AB6DD82A}.Ad-Hoc|ARM.ActiveCfg = Debug|Any CPU
		{E509FF8D-6846-4BDE-B187-E049AB6DD82A}.Ad-Hoc|ARM.Build.0 = Debug|Any CPU
		{E509FF8D-6846-4BDE-B187-E049AB6DD82A}.Ad-Hoc|iPhone.ActiveCfg = Debug|Any CPU
		{E509FF8D-6846-4BDE-B187-E049AB6DD82A}.Ad-Hoc|iPhone.Build.0 = Debug|Any CPU
		{E509FF8D-6846-4BDE-B187-E049AB6DD82A}.Ad-Hoc|iPhoneSimulator.ActiveCfg = Debug|Any CPU
		{E509FF8D-6846-4BDE-B187-E049AB6DD82A}.Ad-Hoc|iPhoneSimulator.Build.0 = Debug|Any CPU
		{E509FF8D-6846-4BDE-B187-E049AB6DD82A}.Ad-Hoc|x64.ActiveCfg = Debug|Any CPU
		{E509FF8D-6846-4BDE-B187-E049AB6DD82A}.Ad-Hoc|x64.Build.0 = Debug|Any CPU
		{E509FF8D-6846-4BDE-B187-E049AB6DD82A}.Ad-Hoc|x86.ActiveCfg = Debug|Any CPU
		{E509FF8D-6846-4BDE-B187-E049AB6DD82A}.Ad-Hoc|x86.Build.0 = Debug|Any CPU
		{E509FF8D-6846-4BDE-B187-E049AB6DD82A}.AppStore|Any CPU.ActiveCfg = Debug|Any CPU
		{E509FF8D-6846-4BDE-B187-E049AB6DD82A}.AppStore|Any CPU.Build.0 = Debug|Any CPU
		{E509FF8D-6846-4BDE-B187-E049AB6DD82A}.AppStore|ARM.ActiveCfg = Debug|Any CPU
		{E509FF8D-6846-4BDE-B187-E049AB6DD82A}.AppStore|ARM.Build.0 = Debug|Any CPU
		{E509FF8D-6846-4BDE-B187-E049AB6DD82A}.AppStore|iPhone.ActiveCfg = Debug|Any CPU
		{E509FF8D-6846-4BDE-B187-E049AB6DD82A}.AppStore|iPhone.Build.0 = Debug|Any CPU
		{E509FF8D-6846-4BDE-B187-E049AB6DD82A}.AppStore|iPhoneSimulator.ActiveCfg = Debug|Any CPU
		{E509FF8D-6846-4BDE-B187-E049AB6DD82A}.AppStore|iPhoneSimulator.Build.0 = Debug|Any CPU
		{E509FF8D-6846-4BDE-B187-E049AB6DD82A}.AppStore|x64.ActiveCfg = Debug|Any CPU
		{E509FF8D-6846-4BDE-B187-E049AB6DD82A}.AppStore|x64.Build.0 = Debug|Any CPU
		{E509FF8D-6846-4BDE-B187-E049AB6DD82A}.AppStore|x86.ActiveCfg = Debug|Any CPU
		{E509FF8D-6846-4BDE-B187-E049AB6DD82A}.AppStore|x86.Build.0 = Debug|Any CPU
		{E509FF8D-6846-4BDE-B187-E049AB6DD82A}.Debug|Any CPU.ActiveCfg = Debug|Any CPU
		{E509FF8D-6846-4BDE-B187-E049AB6DD82A}.Debug|Any CPU.Build.0 = Debug|Any CPU
		{E509FF8D-6846-4BDE-B187-E049AB6DD82A}.Debug|ARM.ActiveCfg = Debug|Any CPU
		{E509FF8D-6846-4BDE-B187-E049AB6DD82A}.Debug|ARM.Build.0 = Debug|Any CPU
		{E509FF8D-6846-4BDE-B187-E049AB6DD82A}.Debug|iPhone.ActiveCfg = Debug|Any CPU
		{E509FF8D-6846-4BDE-B187-E049AB6DD82A}.Debug|iPhone.Build.0 = Debug|Any CPU
		{E509FF8D-6846-4BDE-B187-E049AB6DD82A}.Debug|iPhoneSimulator.ActiveCfg = Debug|Any CPU
		{E509FF8D-6846-4BDE-B187-E049AB6DD82A}.Debug|iPhoneSimulator.Build.0 = Debug|Any CPU
		{E509FF8D-6846-4BDE-B187-E049AB6DD82A}.Debug|x64.ActiveCfg = Debug|Any CPU
		{E509FF8D-6846-4BDE-B187-E049AB6DD82A}.Debug|x64.Build.0 = Debug|Any CPU
		{E509FF8D-6846-4BDE-B187-E049AB6DD82A}.Debug|x86.ActiveCfg = Debug|Any CPU
		{E509FF8D-6846-4BDE-B187-E049AB6DD82A}.Debug|x86.Build.0 = Debug|Any CPU
		{E509FF8D-6846-4BDE-B187-E049AB6DD82A}.Release|Any CPU.ActiveCfg = Release|Any CPU
		{E509FF8D-6846-4BDE-B187-E049AB6DD82A}.Release|Any CPU.Build.0 = Release|Any CPU
		{E509FF8D-6846-4BDE-B187-E049AB6DD82A}.Release|ARM.ActiveCfg = Release|Any CPU
		{E509FF8D-6846-4BDE-B187-E049AB6DD82A}.Release|ARM.Build.0 = Release|Any CPU
		{E509FF8D-6846-4BDE-B187-E049AB6DD82A}.Release|iPhone.ActiveCfg = Release|Any CPU
		{E509FF8D-6846-4BDE-B187-E049AB6DD82A}.Release|iPhone.Build.0 = Release|Any CPU
		{E509FF8D-6846-4BDE-B187-E049AB6DD82A}.Release|iPhoneSimulator.ActiveCfg = Release|Any CPU
		{E509FF8D-6846-4BDE-B187-E049AB6DD82A}.Release|iPhoneSimulator.Build.0 = Release|Any CPU
		{E509FF8D-6846-4BDE-B187-E049AB6DD82A}.Release|x64.ActiveCfg = Release|Any CPU
		{E509FF8D-6846-4BDE-B187-E049AB6DD82A}.Release|x64.Build.0 = Release|Any CPU
		{E509FF8D-6846-4BDE-B187-E049AB6DD82A}.Release|x86.ActiveCfg = Release|Any CPU
		{E509FF8D-6846-4BDE-B187-E049AB6DD82A}.Release|x86.Build.0 = Release|Any CPU
	EndGlobalSection
	GlobalSection(SolutionProperties) = preSolution
		HideSolutionNode = FALSE
	EndGlobalSection
	GlobalSection(ExtensibilityGlobals) = postSolution
		SolutionGuid = {169072D6-C1DB-4B4D-8B18-17CDA9796FB9}
	EndGlobalSection
EndGlobal
